
Microsoft Visual Studio Solution File, Format Version 12.00
# Visual Studio Version 16
VisualStudioVersion = 16.0.29201.188
MinimumVisualStudioVersion = 10.0.40219.1
Project("{9A19103F-16F7-4668-BE54-9A1E7A4F7556}") = "RemoteX.Connection", "RemoteX.Connection\RemoteX.Connection.csproj", "{A64CD39F-439C-4DA4-AB7B-C8894CD08792}"
EndProject
Project("{9A19103F-16F7-4668-BE54-9A1E7A4F7556}") = "RemoteX.Connection.Rfcomm", "RemoteX.Connection.Rfcomm\RemoteX.Connection.Rfcomm.csproj", "{C6282288-BF0D-42DC-AE96-6AE3104205CF}"
EndProject
Project("{FAE04EC0-301F-11D3-BF4B-00C04F79EFBC}") = "RemoteX.RXConnExplorer.UWP", "RemoteX.RXConnExplorer\RemoteX.RXConnExplorer.UWP\RemoteX.RXConnExplorer.UWP.csproj", "{81D64568-DC0A-410E-A4D1-186522AE9B76}"
EndProject
Project("{FAE04EC0-301F-11D3-BF4B-00C04F79EFBC}") = "RemoteX.RXConnExplorer.Android", "RemoteX.RXConnExplorer\RemoteX.RXConnExplorer.Android\RemoteX.RXConnExplorer.Android.csproj", "{3D6E9C18-8577-4FBF-BC0E-A224EEAFE81F}"
EndProject
Project("{FAE04EC0-301F-11D3-BF4B-00C04F79EFBC}") = "RemoteX.RXConnExplorer.iOS", "RemoteX.RXConnExplorer\RemoteX.RXConnExplorer.iOS\RemoteX.RXConnExplorer.iOS.csproj", "{E70552D3-9643-43BC-A831-A4BD1CE2C589}"
EndProject
Project("{FAE04EC0-301F-11D3-BF4B-00C04F79EFBC}") = "RemoteX.RXConnExplorer", "RemoteX.RXConnExplorer\RemoteX.RXConnExplorer\RemoteX.RXConnExplorer.csproj", "{CE8E4138-FA9F-4D0F-98DE-9393B54AA172}"
EndProject
Global
	GlobalSection(SolutionConfigurationPlatforms) = preSolution
		Debug|Any CPU = Debug|Any CPU
		Debug|ARM = Debug|ARM
		Debug|iPhone = Debug|iPhone
		Debug|iPhoneSimulator = Debug|iPhoneSimulator
		Debug|x64 = Debug|x64
		Debug|x86 = Debug|x86
		Release|Any CPU = Release|Any CPU
		Release|ARM = Release|ARM
		Release|iPhone = Release|iPhone
		Release|iPhoneSimulator = Release|iPhoneSimulator
		Release|x64 = Release|x64
		Release|x86 = Release|x86
	EndGlobalSection
	GlobalSection(ProjectConfigurationPlatforms) = postSolution
		{A64CD39F-439C-4DA4-AB7B-C8894CD08792}.Debug|Any CPU.ActiveCfg = Debug|Any CPU
		{A64CD39F-439C-4DA4-AB7B-C8894CD08792}.Debug|Any CPU.Build.0 = Debug|Any CPU
		{A64CD39F-439C-4DA4-AB7B-C8894CD08792}.Debug|ARM.ActiveCfg = Debug|Any CPU
		{A64CD39F-439C-4DA4-AB7B-C8894CD08792}.Debug|ARM.Build.0 = Debug|Any CPU
		{A64CD39F-439C-4DA4-AB7B-C8894CD08792}.Debug|iPhone.ActiveCfg = Debug|Any CPU
		{A64CD39F-439C-4DA4-AB7B-C8894CD08792}.Debug|iPhone.Build.0 = Debug|Any CPU
		{A64CD39F-439C-4DA4-AB7B-C8894CD08792}.Debug|iPhoneSimulator.ActiveCfg = Debug|Any CPU
		{A64CD39F-439C-4DA4-AB7B-C8894CD08792}.Debug|iPhoneSimulator.Build.0 = Debug|Any CPU
		{A64CD39F-439C-4DA4-AB7B-C8894CD08792}.Debug|x64.ActiveCfg = Debug|Any CPU
		{A64CD39F-439C-4DA4-AB7B-C8894CD08792}.Debug|x64.Build.0 = Debug|Any CPU
		{A64CD39F-439C-4DA4-AB7B-C8894CD08792}.Debug|x86.ActiveCfg = Debug|Any CPU
		{A64CD39F-439C-4DA4-AB7B-C8894CD08792}.Debug|x86.Build.0 = Debug|Any CPU
		{A64CD39F-439C-4DA4-AB7B-C8894CD08792}.Release|Any CPU.ActiveCfg = Release|Any CPU
		{A64CD39F-439C-4DA4-AB7B-C8894CD08792}.Release|Any CPU.Build.0 = Release|Any CPU
		{A64CD39F-439C-4DA4-AB7B-C8894CD08792}.Release|ARM.ActiveCfg = Release|Any CPU
		{A64CD39F-439C-4DA4-AB7B-C8894CD08792}.Release|ARM.Build.0 = Release|Any CPU
		{A64CD39F-439C-4DA4-AB7B-C8894CD08792}.Release|iPhone.ActiveCfg = Release|Any CPU
		{A64CD39F-439C-4DA4-AB7B-C8894CD08792}.Release|iPhone.Build.0 = Release|Any CPU
		{A64CD39F-439C-4DA4-AB7B-C8894CD08792}.Release|iPhoneSimulator.ActiveCfg = Release|Any CPU
		{A64CD39F-439C-4DA4-AB7B-C8894CD08792}.Release|iPhoneSimulator.Build.0 = Release|Any CPU
		{A64CD39F-439C-4DA4-AB7B-C8894CD08792}.Release|x64.ActiveCfg = Release|Any CPU
		{A64CD39F-439C-4DA4-AB7B-C8894CD08792}.Release|x64.Build.0 = Release|Any CPU
		{A64CD39F-439C-4DA4-AB7B-C8894CD08792}.Release|x86.ActiveCfg = Release|Any CPU
		{A64CD39F-439C-4DA4-AB7B-C8894CD08792}.Release|x86.Build.0 = Release|Any CPU
		{C6282288-BF0D-42DC-AE96-6AE3104205CF}.Debug|Any CPU.ActiveCfg = Debug|Any CPU
		{C6282288-BF0D-42DC-AE96-6AE3104205CF}.Debug|Any CPU.Build.0 = Debug|Any CPU
		{C6282288-BF0D-42DC-AE96-6AE3104205CF}.Debug|ARM.ActiveCfg = Debug|Any CPU
		{C6282288-BF0D-42DC-AE96-6AE3104205CF}.Debug|ARM.Build.0 = Debug|Any CPU
		{C6282288-BF0D-42DC-AE96-6AE3104205CF}.Debug|iPhone.ActiveCfg = Debug|Any CPU
		{C6282288-BF0D-42DC-AE96-6AE3104205CF}.Debug|iPhone.Build.0 = Debug|Any CPU
		{C6282288-BF0D-42DC-AE96-6AE3104205CF}.Debug|iPhoneSimulator.ActiveCfg = Debug|Any CPU
		{C6282288-BF0D-42DC-AE96-6AE3104205CF}.Debug|iPhoneSimulator.Build.0 = Debug|Any CPU
		{C6282288-BF0D-42DC-AE96-6AE3104205CF}.Debug|x64.ActiveCfg = Debug|Any CPU
		{C6282288-BF0D-42DC-AE96-6AE3104205CF}.Debug|x64.Build.0 = Debug|Any CPU
		{C6282288-BF0D-42DC-AE96-6AE3104205CF}.Debug|x86.ActiveCfg = Debug|Any CPU
		{C6282288-BF0D-42DC-AE96-6AE3104205CF}.Debug|x86.Build.0 = Debug|Any CPU
		{C6282288-BF0D-42DC-AE96-6AE3104205CF}.Release|Any CPU.ActiveCfg = Release|Any CPU
		{C6282288-BF0D-42DC-AE96-6AE3104205CF}.Release|Any CPU.Build.0 = Release|Any CPU
		{C6282288-BF0D-42DC-AE96-6AE3104205CF}.Release|ARM.ActiveCfg = Release|Any CPU
		{C6282288-BF0D-42DC-AE96-6AE3104205CF}.Release|ARM.Build.0 = Release|Any CPU
		{C6282288-BF0D-42DC-AE96-6AE3104205CF}.Release|iPhone.ActiveCfg = Release|Any CPU
		{C6282288-BF0D-42DC-AE96-6AE3104205CF}.Release|iPhone.Build.0 = Release|Any CPU
		{C6282288-BF0D-42DC-AE96-6AE3104205CF}.Release|iPhoneSimulator.ActiveCfg = Release|Any CPU
		{C6282288-BF0D-42DC-AE96-6AE3104205CF}.Release|iPhoneSimulator.Build.0 = Release|Any CPU
		{C6282288-BF0D-42DC-AE96-6AE3104205CF}.Release|x64.ActiveCfg = Release|Any CPU
		{C6282288-BF0D-42DC-AE96-6AE3104205CF}.Release|x64.Build.0 = Release|Any CPU
		{C6282288-BF0D-42DC-AE96-6AE3104205CF}.Release|x86.ActiveCfg = Release|Any CPU
		{C6282288-BF0D-42DC-AE96-6AE3104205CF}.Release|x86.Build.0 = Release|Any CPU
		{81D64568-DC0A-410E-A4D1-186522AE9B76}.Debug|Any CPU.ActiveCfg = Debug|x86
		{81D64568-DC0A-410E-A4D1-186522AE9B76}.Debug|ARM.ActiveCfg = Debug|ARM
		{81D64568-DC0A-410E-A4D1-186522AE9B76}.Debug|ARM.Build.0 = Debug|ARM
		{81D64568-DC0A-410E-A4D1-186522AE9B76}.Debug|ARM.Deploy.0 = Debug|ARM
		{81D64568-DC0A-410E-A4D1-186522AE9B76}.Debug|iPhone.ActiveCfg = Debug|x86
		{81D64568-DC0A-410E-A4D1-186522AE9B76}.Debug|iPhoneSimulator.ActiveCfg = Debug|x86
		{81D64568-DC0A-410E-A4D1-186522AE9B76}.Debug|x64.ActiveCfg = Debug|x64
		{81D64568-DC0A-410E-A4D1-186522AE9B76}.Debug|x64.Build.0 = Debug|x64
		{81D64568-DC0A-410E-A4D1-186522AE9B76}.Debug|x64.Deploy.0 = Debug|x64
		{81D64568-DC0A-410E-A4D1-186522AE9B76}.Debug|x86.ActiveCfg = Debug|x86
		{81D64568-DC0A-410E-A4D1-186522AE9B76}.Debug|x86.Build.0 = Debug|x86
		{81D64568-DC0A-410E-A4D1-186522AE9B76}.Debug|x86.Deploy.0 = Debug|x86
		{81D64568-DC0A-410E-A4D1-186522AE9B76}.Release|Any CPU.ActiveCfg = Release|x86
		{81D64568-DC0A-410E-A4D1-186522AE9B76}.Release|ARM.ActiveCfg = Release|ARM
		{81D64568-DC0A-410E-A4D1-186522AE9B76}.Release|ARM.Build.0 = Release|ARM
		{81D64568-DC0A-410E-A4D1-186522AE9B76}.Release|ARM.Deploy.0 = Release|ARM
		{81D64568-DC0A-410E-A4D1-186522AE9B76}.Release|iPhone.ActiveCfg = Release|x86
		{81D64568-DC0A-410E-A4D1-186522AE9B76}.Release|iPhoneSimulator.ActiveCfg = Release|x86
		{81D64568-DC0A-410E-A4D1-186522AE9B76}.Release|x64.ActiveCfg = Release|x64
		{81D64568-DC0A-410E-A4D1-186522AE9B76}.Release|x64.Build.0 = Release|x64
		{81D64568-DC0A-410E-A4D1-186522AE9B76}.Release|x64.Deploy.0 = Release|x64
		{81D64568-DC0A-410E-A4D1-186522AE9B76}.Release|x86.ActiveCfg = Release|x86
		{81D64568-DC0A-410E-A4D1-186522AE9B76}.Release|x86.Build.0 = Release|x86
		{81D64568-DC0A-410E-A4D1-186522AE9B76}.Release|x86.Deploy.0 = Release|x86
		{3D6E9C18-8577-4FBF-BC0E-A224EEAFE81F}.Debug|Any CPU.ActiveCfg = Debug|Any CPU
		{3D6E9C18-8577-4FBF-BC0E-A224EEAFE81F}.Debug|Any CPU.Build.0 = Debug|Any CPU
		{3D6E9C18-8577-4FBF-BC0E-A224EEAFE81F}.Debug|Any CPU.Deploy.0 = Debug|Any CPU
		{3D6E9C18-8577-4FBF-BC0E-A224EEAFE81F}.Debug|ARM.ActiveCfg = Debug|Any CPU
		{3D6E9C18-8577-4FBF-BC0E-A224EEAFE81F}.Debug|ARM.Build.0 = Debug|Any CPU
		{3D6E9C18-8577-4FBF-BC0E-A224EEAFE81F}.Debug|ARM.Deploy.0 = Debug|Any CPU
		{3D6E9C18-8577-4FBF-BC0E-A224EEAFE81F}.Debug|iPhone.ActiveCfg = Debug|Any CPU
		{3D6E9C18-8577-4FBF-BC0E-A224EEAFE81F}.Debug|iPhone.Build.0 = Debug|Any CPU
		{3D6E9C18-8577-4FBF-BC0E-A224EEAFE81F}.Debug|iPhone.Deploy.0 = Debug|Any CPU
		{3D6E9C18-8577-4FBF-BC0E-A224EEAFE81F}.Debug|iPhoneSimulator.ActiveCfg = Debug|Any CPU
		{3D6E9C18-8577-4FBF-BC0E-A224EEAFE81F}.Debug|iPhoneSimulator.Build.0 = Debug|Any CPU
		{3D6E9C18-8577-4FBF-BC0E-A224EEAFE81F}.Debug|iPhoneSimulator.Deploy.0 = Debug|Any CPU
		{3D6E9C18-8577-4FBF-BC0E-A224EEAFE81F}.Debug|x64.ActiveCfg = Debug|Any CPU
		{3D6E9C18-8577-4FBF-BC0E-A224EEAFE81F}.Debug|x64.Build.0 = Debug|Any CPU
		{3D6E9C18-8577-4FBF-BC0E-A224EEAFE81F}.Debug|x64.Deploy.0 = Debug|Any CPU
		{3D6E9C18-8577-4FBF-BC0E-A224EEAFE81F}.Debug|x86.ActiveCfg = Debug|Any CPU
		{3D6E9C18-8577-4FBF-BC0E-A224EEAFE81F}.Debug|x86.Build.0 = Debug|Any CPU
		{3D6E9C18-8577-4FBF-BC0E-A224EEAFE81F}.Debug|x86.Deploy.0 = Debug|Any CPU
		{3D6E9C18-8577-4FBF-BC0E-A224EEAFE81F}.Release|Any CPU.ActiveCfg = Release|Any CPU
		{3D6E9C18-8577-4FBF-BC0E-A224EEAFE81F}.Release|Any CPU.Build.0 = Release|Any CPU
		{3D6E9C18-8577-4FBF-BC0E-A224EEAFE81F}.Release|Any CPU.Deploy.0 = Release|Any CPU
		{3D6E9C18-8577-4FBF-BC0E-A224EEAFE81F}.Release|ARM.ActiveCfg = Release|Any CPU
		{3D6E9C18-8577-4FBF-BC0E-A224EEAFE81F}.Release|ARM.Build.0 = Release|Any CPU
		{3D6E9C18-8577-4FBF-BC0E-A224EEAFE81F}.Release|ARM.Deploy.0 = Release|Any CPU
		{3D6E9C18-8577-4FBF-BC0E-A224EEAFE81F}.Release|iPhone.ActiveCfg = Release|Any CPU
		{3D6E9C18-8577-4FBF-BC0E-A224EEAFE81F}.Release|iPhone.Build.0 = Release|Any CPU
		{3D6E9C18-8577-4FBF-BC0E-A224EEAFE81F}.Release|iPhone.Deploy.0 = Release|Any CPU
		{3D6E9C18-8577-4FBF-BC0E-A224EEAFE81F}.Release|iPhoneSimulator.ActiveCfg = Release|Any CPU
		{3D6E9C18-8577-4FBF-BC0E-A224EEAFE81F}.Release|iPhoneSimulator.Build.0 = Release|Any CPU
		{3D6E9C18-8577-4FBF-BC0E-A224EEAFE81F}.Release|iPhoneSimulator.Deploy.0 = Release|Any CPU
		{3D6E9C18-8577-4FBF-BC0E-A224EEAFE81F}.Release|x64.ActiveCfg = Release|Any CPU
		{3D6E9C18-8577-4FBF-BC0E-A224EEAFE81F}.Release|x64.Build.0 = Release|Any CPU
		{3D6E9C18-8577-4FBF-BC0E-A224EEAFE81F}.Release|x64.Deploy.0 = Release|Any CPU
		{3D6E9C18-8577-4FBF-BC0E-A224EEAFE81F}.Release|x86.ActiveCfg = Release|Any CPU
		{3D6E9C18-8577-4FBF-BC0E-A224EEAFE81F}.Release|x86.Build.0 = Release|Any CPU
		{3D6E9C18-8577-4FBF-BC0E-A224EEAFE81F}.Release|x86.Deploy.0 = Release|Any CPU
		{E70552D3-9643-43BC-A831-A4BD1CE2C589}.Debug|Any CPU.ActiveCfg = Debug|iPhone
		{E70552D3-9643-43BC-A831-A4BD1CE2C589}.Debug|ARM.ActiveCfg = Debug|iPhone
		{E70552D3-9643-43BC-A831-A4BD1CE2C589}.Debug|iPhone.ActiveCfg = Debug|iPhone
		{E70552D3-9643-43BC-A831-A4BD1CE2C589}.Debug|iPhone.Build.0 = Debug|iPhone
		{E70552D3-9643-43BC-A831-A4BD1CE2C589}.Debug|iPhoneSimulator.ActiveCfg = Debug|iPhoneSimulator
		{E70552D3-9643-43BC-A831-A4BD1CE2C589}.Debug|iPhoneSimulator.Build.0 = Debug|iPhoneSimulator
		{E70552D3-9643-43BC-A831-A4BD1CE2C589}.Debug|x64.ActiveCfg = Debug|iPhone
		{E70552D3-9643-43BC-A831-A4BD1CE2C589}.Debug|x86.ActiveCfg = Debug|iPhone
		{E70552D3-9643-43BC-A831-A4BD1CE2C589}.Release|Any CPU.ActiveCfg = Release|iPhone
		{E70552D3-9643-43BC-A831-A4BD1CE2C589}.Release|ARM.ActiveCfg = Release|iPhone
		{E70552D3-9643-43BC-A831-A4BD1CE2C589}.Release|iPhone.ActiveCfg = Release|iPhone
		{E70552D3-9643-43BC-A831-A4BD1CE2C589}.Release|iPhone.Build.0 = Release|iPhone
		{E70552D3-9643-43BC-A831-A4BD1CE2C589}.Release|iPhoneSimulator.ActiveCfg = Release|iPhoneSimulator
		{E70552D3-9643-43BC-A831-A4BD1CE2C589}.Release|iPhoneSimulator.Build.0 = Release|iPhoneSimulator
		{E70552D3-9643-43BC-A831-A4BD1CE2C589}.Release|x64.ActiveCfg = Release|iPhone
		{E70552D3-9643-43BC-A831-A4BD1CE2C589}.Release|x86.ActiveCfg = Release|iPhone
		{CE8E4138-FA9F-4D0F-98DE-9393B54AA172}.Debug|Any CPU.ActiveCfg = Debug|Any CPU
		{CE8E4138-FA9F-4D0F-98DE-9393B54AA172}.Debug|Any CPU.Build.0 = Debug|Any CPU
		{CE8E4138-FA9F-4D0F-98DE-9393B54AA172}.Debug|ARM.ActiveCfg = Debug|Any CPU
		{CE8E4138-FA9F-4D0F-98DE-9393B54AA172}.Debug|ARM.Build.0 = Debug|Any CPU
		{CE8E4138-FA9F-4D0F-98DE-9393B54AA172}.Debug|iPhone.ActiveCfg = Debug|Any CPU
		{CE8E4138-FA9F-4D0F-98DE-9393B54AA172}.Debug|iPhone.Build.0 = Debug|Any CPU
		{CE8E4138-FA9F-4D0F-98DE-9393B54AA172}.Debug|iPhoneSimulator.ActiveCfg = Debug|Any CPU
		{CE8E4138-FA9F-4D0F-98DE-9393B54AA172}.Debug|iPhoneSimulator.Build.0 = Debug|Any CPU
		{CE8E4138-FA9F-4D0F-98DE-9393B54AA172}.Debug|x64.ActiveCfg = Debug|Any CPU
		{CE8E4138-FA9F-4D0F-98DE-9393B54AA172}.Debug|x64.Build.0 = Debug|Any CPU
		{CE8E4138-FA9F-4D0F-98DE-9393B54AA172}.Debug|x86.ActiveCfg = Debug|Any CPU
		{CE8E4138-FA9F-4D0F-98DE-9393B54AA172}.Debug|x86.Build.0 = Debug|Any CPU
		{CE8E4138-FA9F-4D0F-98DE-9393B54AA172}.Release|Any CPU.ActiveCfg = Release|Any CPU
		{CE8E4138-FA9F-4D0F-98DE-9393B54AA172}.Release|Any CPU.Build.0 = Release|Any CPU
		{CE8E4138-FA9F-4D0F-98DE-9393B54AA172}.Release|ARM.ActiveCfg = Release|Any CPU
		{CE8E4138-FA9F-4D0F-98DE-9393B54AA172}.Release|ARM.Build.0 = Release|Any CPU
		{CE8E4138-FA9F-4D0F-98DE-9393B54AA172}.Release|iPhone.ActiveCfg = Release|Any CPU
		{CE8E4138-FA9F-4D0F-98DE-9393B54AA172}.Release|iPhone.Build.0 = Release|Any CPU
		{CE8E4138-FA9F-4D0F-98DE-9393B54AA172}.Release|iPhoneSimulator.ActiveCfg = Release|Any CPU
		{CE8E4138-FA9F-4D0F-98DE-9393B54AA172}.Release|iPhoneSimulator.Build.0 = Release|Any CPU
		{CE8E4138-FA9F-4D0F-98DE-9393B54AA172}.Release|x64.ActiveCfg = Release|Any CPU
		{CE8E4138-FA9F-4D0F-98DE-9393B54AA172}.Release|x64.Build.0 = Release|Any CPU
		{CE8E4138-FA9F-4D0F-98DE-9393B54AA172}.Release|x86.ActiveCfg = Release|Any CPU
		{CE8E4138-FA9F-4D0F-98DE-9393B54AA172}.Release|x86.Build.0 = Release|Any CPU
	EndGlobalSection
	GlobalSection(SolutionProperties) = preSolution
		HideSolutionNode = FALSE
	EndGlobalSection
	GlobalSection(ExtensibilityGlobals) = postSolution
		SolutionGuid = {99C9BE58-13F5-492E-9F3A-0205C3E9DC93}
	EndGlobalSection
EndGlobal
